
Microsoft Visual Studio Solution File, Format Version 12.00
# Visual Studio Version 16
VisualStudioVersion = 16.0.33328.57
MinimumVisualStudioVersion = 10.0.40219.1
Project("{FAE04EC0-301F-11D3-BF4B-00C04F79EFBC}") = "RILI", "RILI\RILI.csproj", "{76234E65-92CA-43EB-931C-C8DCC08E4F8A}"
EndProject
Global
	GlobalSection(SolutionConfigurationPlatforms) = preSolution
		Debug|Any CPU = Debug|Any CPU
		Release|Any CPU = Release|Any CPU
	EndGlobalSection
	GlobalSection(ProjectConfigurationPlatforms) = postSolution
		{76234E65-92CA-43EB-931C-C8DCC08E4F8A}.Debug|Any CPU.ActiveCfg = Debug|Any CPU
		{76234E65-92CA-43EB-931C-C8DCC08E4F8A}.Debug|Any CPU.Build.0 = Debug|Any CPU
		{76234E65-92CA-43EB-931C-C8DCC08E4F8A}.Release|Any CPU.ActiveCfg = Release|Any CPU
		{76234E65-92CA-43EB-931C-C8DCC08E4F8A}.Release|Any CPU.Build.0 = Release|Any CPU
	EndGlobalSection
	GlobalSection(SolutionProperties) = preSolution
		HideSolutionNode = FALSE
	EndGlobalSection
	GlobalSection(ExtensibilityGlobals) = postSolution
		SolutionGuid = {ECBD2621-D255-4746-8B7D-D748F9E60AE5}
	EndGlobalSection
EndGlobal
